{
  "name": "astral-travel",
  "version": "0.3.0",
  "lockfileVersion": 3,
  "requires": true,
  "packages": {
    "": {
      "name": "astral-travel",
      "version": "0.3.0",
      "license": "MIT",
      "bin": {
        "astral": "bin/astral.mjs"
      },
      "engines": {
        "node": ">=22"
      }
    }
  }
}
